<?xml version="1.0" encoding="utf-8"?>
<Project ToolsVersion="4.0" xmlns="http://schemas.microsoft.com/developer/msbuild/2003">
  <ItemGroup>
    <Filter Include="Source Files">
      <UniqueIdentifier>{4FC737F1-C7A5-4376-A066-2A32D752A2FF}</UniqueIdentifier>
      <Extensions>cpp;c;cc;cxx;c++;cppm;ixx;def;odl;idl;hpj;bat;asm;asmx</Extensions>
    </Filter>
    <Filter Include="Header Files">
      <UniqueIdentifier>{93995380-89BD-4b04-88EB-625FBE52EBFB}</UniqueIdentifier>
      <Extensions>h;hh;hpp;hxx;h++;hm;inl;inc;ipp;xsd</Extensions>
    </Filter>
    <Filter Include="Resource Files">
      <UniqueIdentifier>{67DA6AB6-F800-4c08-8B7A-83BB121AAD01}</UniqueIdentifier>
      <Extensions>rc;ico;cur;bmp;dlg;rc2;rct;bin;rgs;gif;jpg;jpeg;jpe;resx;tiff;tif;png;wav;mfcribbon-ms</Extensions>
    </Filter>
    <Filter Include="Source Files\Lesson3">
      <UniqueIdentifier>{b80b2594-7157-4472-9637-6b26a5c06c8c}</UniqueIdentifier>
    </Filter>
    <Filter Include="Source Files\Lesson3\Assign1">
      <UniqueIdentifier>{703f004b-1d8e-42ed-8373-3d4ba08524a7}</UniqueIdentifier>
    </Filter>
    <Filter Include="Header Files\Individual">
      <UniqueIdentifier>{81f0749c-4a57-41e5-b7f8-fa0bff03c271}</UniqueIdentifier>
    </Filter>
  </ItemGroup>
  <ItemGroup>
    <ClInclude Include="Objects.h">
      <Filter>Header Files</Filter>
    </ClInclude>
    <ClInclude Include="BaseObject.h">
      <Filter>Header Files</Filter>
    </ClInclude>
    <ClInclude Include="StaticObject.h">
      <Filter>Header Files</Filter>
    </ClInclude>
    <ClInclude Include="DynamicObject.h">
      <Filter>Header Files</Filter>
    </ClInclude>
    <ClInclude Include="Tree.h">
      <Filter>Header Files\Individual</Filter>
    </ClInclude>
    <ClInclude Include="House.h">
      <Filter>Header Files\Individual</Filter>
    </ClInclude>
    <ClInclude Include="Motorbike.h">
      <Filter>Header Files\Individual</Filter>
    </ClInclude>
    <ClInclude Include="Car.h">
      <Filter>Header Files\Individual</Filter>
    </ClInclude>
  </ItemGroup>
  <ItemGroup>
    <ClCompile Include="Main.cpp">
      <Filter>Source Files\Lesson3\Assign1</Filter>
    </ClCompile>
  </ItemGroup>
</Project>